
Microsoft Visual Studio Solution File, Format Version 12.00
# Visual Studio Version 17
VisualStudioVersion = 17.1.32210.238
MinimumVisualStudioVersion = 10.0.40219.1
Project("{9A19103F-16F7-4668-BE54-9A1E7A4F7556}") = "API", "API\API.csproj", "{2924D4D4-0FB6-4D8C-A096-293A1D569D5D}"
EndProject
Global
	GlobalSection(SolutionConfigurationPlatforms) = preSolution
		Debug|Any CPU = Debug|Any CPU
		Release|Any CPU = Release|Any CPU
	EndGlobalSection
	GlobalSection(ProjectConfigurationPlatforms) = postSolution
		{2924D4D4-0FB6-4D8C-A096-293A1D569D5D}.Debug|Any CPU.ActiveCfg = Debug|Any CPU
		{2924D4D4-0FB6-4D8C-A096-293A1D569D5D}.Debug|Any CPU.Build.0 = Debug|Any CPU
		{2924D4D4-0FB6-4D8C-A096-293A1D569D5D}.Release|Any CPU.ActiveCfg = Release|Any CPU
		{2924D4D4-0FB6-4D8C-A096-293A1D569D5D}.Release|Any CPU.Build.0 = Release|Any CPU
	EndGlobalSection
	GlobalSection(SolutionProperties) = preSolution
		HideSolutionNode = FALSE
	EndGlobalSection
	GlobalSection(ExtensibilityGlobals) = postSolution
		SolutionGuid = {461B0043-35D8-48B9-A988-622952E9CD99}
	EndGlobalSection
EndGlobal
